
Microsoft Visual Studio Solution File, Format Version 12.00
# Visual Studio 15
Project("{FAE04EC0-301F-11D3-BF4B-00C04F79EFBC}") = "Assembly-CSharp", "Assembly-CSharp.csproj", "{F83DACE1-0729-8E5A-85C1-CA81AD011443}"
EndProject
Project("{FAE04EC0-301F-11D3-BF4B-00C04F79EFBC}") = "Obi", "Obi.csproj", "{ADB82EAC-8EBB-71FB-7C05-35CBF3200CB3}"
EndProject
Project("{FAE04EC0-301F-11D3-BF4B-00C04F79EFBC}") = "Obi.Editor", "Obi.Editor.csproj", "{D5AAA799-95E1-22B1-3B01-FC15E58FE0D2}"
EndProject
Project("{FAE04EC0-301F-11D3-BF4B-00C04F79EFBC}") = "CFXRRuntime", "CFXRRuntime.csproj", "{90FF025C-33FE-9EA7-1447-7E7DDBE126B7}"
EndProject
Project("{FAE04EC0-301F-11D3-BF4B-00C04F79EFBC}") = "CFXRDemo", "CFXRDemo.csproj", "{4B826E49-814E-E54A-AA2E-B17297071A76}"
EndProject
Project("{FAE04EC0-301F-11D3-BF4B-00C04F79EFBC}") = "CFXREditor", "CFXREditor.csproj", "{2F96F12C-9492-7F53-CE0D-9B2DDAEAE7C5}"
EndProject
Project("{FAE04EC0-301F-11D3-BF4B-00C04F79EFBC}") = "Unity.Splines.Examples", "Unity.Splines.Examples.csproj", "{93584D9A-4CF6-9814-D3BA-70BBF6B500AF}"
EndProject
Project("{FAE04EC0-301F-11D3-BF4B-00C04F79EFBC}") = "Assembly-CSharp-Editor", "Assembly-CSharp-Editor.csproj", "{5671BF87-B5CD-4715-6A20-689365FFA42E}"
EndProject
Project("{FAE04EC0-301F-11D3-BF4B-00C04F79EFBC}") = "KinoBloom.Runtime", "KinoBloom.Runtime.csproj", "{D123EBB5-E021-20C2-E927-2F1651FECBF7}"
EndProject
Project("{FAE04EC0-301F-11D3-BF4B-00C04F79EFBC}") = "Unity.Splines.Examples.Editor", "Unity.Splines.Examples.Editor.csproj", "{140B09EE-DA2F-4D74-323C-4396953F0400}"
EndProject
Project("{FAE04EC0-301F-11D3-BF4B-00C04F79EFBC}") = "CFXR.WelcomeScreen", "CFXR.WelcomeScreen.csproj", "{DC18BCB9-BA99-6369-2275-30CCA80316EE}"
EndProject
Project("{FAE04EC0-301F-11D3-BF4B-00C04F79EFBC}") = "ToonyColorsPro.Demo.Editor", "ToonyColorsPro.Demo.Editor.csproj", "{9262575D-6741-BF9E-BE20-E53023749AF7}"
EndProject
Global
	GlobalSection(SolutionConfigurationPlatforms) = preSolution
		Debug|Any CPU = Debug|Any CPU
		Release|Any CPU = Release|Any CPU
	EndGlobalSection
	GlobalSection(ProjectConfigurationPlatforms) = postSolution
		{F83DACE1-0729-8E5A-85C1-CA81AD011443}.Debug|Any CPU.ActiveCfg = Debug|Any CPU
		{F83DACE1-0729-8E5A-85C1-CA81AD011443}.Debug|Any CPU.Build.0 = Debug|Any CPU
		{F83DACE1-0729-8E5A-85C1-CA81AD011443}.Release|Any CPU.ActiveCfg = Release|Any CPU
		{F83DACE1-0729-8E5A-85C1-CA81AD011443}.Release|Any CPU.Build.0 = Release|Any CPU
		{ADB82EAC-8EBB-71FB-7C05-35CBF3200CB3}.Debug|Any CPU.ActiveCfg = Debug|Any CPU
		{ADB82EAC-8EBB-71FB-7C05-35CBF3200CB3}.Debug|Any CPU.Build.0 = Debug|Any CPU
		{ADB82EAC-8EBB-71FB-7C05-35CBF3200CB3}.Release|Any CPU.ActiveCfg = Release|Any CPU
		{ADB82EAC-8EBB-71FB-7C05-35CBF3200CB3}.Release|Any CPU.Build.0 = Release|Any CPU
		{D5AAA799-95E1-22B1-3B01-FC15E58FE0D2}.Debug|Any CPU.ActiveCfg = Debug|Any CPU
		{D5AAA799-95E1-22B1-3B01-FC15E58FE0D2}.Debug|Any CPU.Build.0 = Debug|Any CPU
		{D5AAA799-95E1-22B1-3B01-FC15E58FE0D2}.Release|Any CPU.ActiveCfg = Release|Any CPU
		{D5AAA799-95E1-22B1-3B01-FC15E58FE0D2}.Release|Any CPU.Build.0 = Release|Any CPU
		{90FF025C-33FE-9EA7-1447-7E7DDBE126B7}.Debug|Any CPU.ActiveCfg = Debug|Any CPU
		{90FF025C-33FE-9EA7-1447-7E7DDBE126B7}.Debug|Any CPU.Build.0 = Debug|Any CPU
		{90FF025C-33FE-9EA7-1447-7E7DDBE126B7}.Release|Any CPU.ActiveCfg = Release|Any CPU
		{90FF025C-33FE-9EA7-1447-7E7DDBE126B7}.Release|Any CPU.Build.0 = Release|Any CPU
		{4B826E49-814E-E54A-AA2E-B17297071A76}.Debug|Any CPU.ActiveCfg = Debug|Any CPU
		{4B826E49-814E-E54A-AA2E-B17297071A76}.Debug|Any CPU.Build.0 = Debug|Any CPU
		{4B826E49-814E-E54A-AA2E-B17297071A76}.Release|Any CPU.ActiveCfg = Release|Any CPU
		{4B826E49-814E-E54A-AA2E-B17297071A76}.Release|Any CPU.Build.0 = Release|Any CPU
		{2F96F12C-9492-7F53-CE0D-9B2DDAEAE7C5}.Debug|Any CPU.ActiveCfg = Debug|Any CPU
		{2F96F12C-9492-7F53-CE0D-9B2DDAEAE7C5}.Debug|Any CPU.Build.0 = Debug|Any CPU
		{2F96F12C-9492-7F53-CE0D-9B2DDAEAE7C5}.Release|Any CPU.ActiveCfg = Release|Any CPU
		{2F96F12C-9492-7F53-CE0D-9B2DDAEAE7C5}.Release|Any CPU.Build.0 = Release|Any CPU
		{93584D9A-4CF6-9814-D3BA-70BBF6B500AF}.Debug|Any CPU.ActiveCfg = Debug|Any CPU
		{93584D9A-4CF6-9814-D3BA-70BBF6B500AF}.Debug|Any CPU.Build.0 = Debug|Any CPU
		{93584D9A-4CF6-9814-D3BA-70BBF6B500AF}.Release|Any CPU.ActiveCfg = Release|Any CPU
		{93584D9A-4CF6-9814-D3BA-70BBF6B500AF}.Release|Any CPU.Build.0 = Release|Any CPU
		{5671BF87-B5CD-4715-6A20-689365FFA42E}.Debug|Any CPU.ActiveCfg = Debug|Any CPU
		{5671BF87-B5CD-4715-6A20-689365FFA42E}.Debug|Any CPU.Build.0 = Debug|Any CPU
		{5671BF87-B5CD-4715-6A20-689365FFA42E}.Release|Any CPU.ActiveCfg = Release|Any CPU
		{5671BF87-B5CD-4715-6A20-689365FFA42E}.Release|Any CPU.Build.0 = Release|Any CPU
		{D123EBB5-E021-20C2-E927-2F1651FECBF7}.Debug|Any CPU.ActiveCfg = Debug|Any CPU
		{D123EBB5-E021-20C2-E927-2F1651FECBF7}.Debug|Any CPU.Build.0 = Debug|Any CPU
		{D123EBB5-E021-20C2-E927-2F1651FECBF7}.Release|Any CPU.ActiveCfg = Release|Any CPU
		{D123EBB5-E021-20C2-E927-2F1651FECBF7}.Release|Any CPU.Build.0 = Release|Any CPU
		{140B09EE-DA2F-4D74-323C-4396953F0400}.Debug|Any CPU.ActiveCfg = Debug|Any CPU
		{140B09EE-DA2F-4D74-323C-4396953F0400}.Debug|Any CPU.Build.0 = Debug|Any CPU
		{140B09EE-DA2F-4D74-323C-4396953F0400}.Release|Any CPU.ActiveCfg = Release|Any CPU
		{140B09EE-DA2F-4D74-323C-4396953F0400}.Release|Any CPU.Build.0 = Release|Any CPU
		{DC18BCB9-BA99-6369-2275-30CCA80316EE}.Debug|Any CPU.ActiveCfg = Debug|Any CPU
		{DC18BCB9-BA99-6369-2275-30CCA80316EE}.Debug|Any CPU.Build.0 = Debug|Any CPU
		{DC18BCB9-BA99-6369-2275-30CCA80316EE}.Release|Any CPU.ActiveCfg = Release|Any CPU
		{DC18BCB9-BA99-6369-2275-30CCA80316EE}.Release|Any CPU.Build.0 = Release|Any CPU
		{9262575D-6741-BF9E-BE20-E53023749AF7}.Debug|Any CPU.ActiveCfg = Debug|Any CPU
		{9262575D-6741-BF9E-BE20-E53023749AF7}.Debug|Any CPU.Build.0 = Debug|Any CPU
		{9262575D-6741-BF9E-BE20-E53023749AF7}.Release|Any CPU.ActiveCfg = Release|Any CPU
		{9262575D-6741-BF9E-BE20-E53023749AF7}.Release|Any CPU.Build.0 = Release|Any CPU
	EndGlobalSection
	GlobalSection(SolutionProperties) = preSolution
		HideSolutionNode = FALSE
	EndGlobalSection
EndGlobal
