
Microsoft Visual Studio Solution File, Format Version 12.00
# Visual Studio 15
Project("{FAE04EC0-301F-11D3-BF4B-00C04F79EFBC}") = "MoreMountains.Tools", "MoreMountains.Tools.csproj", "{4D4EFCC4-EC48-DEEB-6E48-BE0CB3FA3B78}"
EndProject
Project("{FAE04EC0-301F-11D3-BF4B-00C04F79EFBC}") = "Assembly-CSharp", "Assembly-CSharp.csproj", "{F83DACE1-0729-8E5A-85C1-CA81AD011443}"
EndProject
Project("{FAE04EC0-301F-11D3-BF4B-00C04F79EFBC}") = "MoreMountains.Tools.Feedbacks", "MoreMountains.Tools.Feedbacks.csproj", "{A7AF3B61-45DC-1710-2736-3F25BD05AA02}"
EndProject
Project("{FAE04EC0-301F-11D3-BF4B-00C04F79EFBC}") = "MoreMountains.Feedbacks.MMTools", "MoreMountains.Feedbacks.MMTools.csproj", "{CE4DACE2-C783-732B-7438-7B64ABCE40C6}"
EndProject
Project("{FAE04EC0-301F-11D3-BF4B-00C04F79EFBC}") = "MoreMountains.Feedbacks", "MoreMountains.Feedbacks.csproj", "{44B33757-5F7D-F4EC-855B-4759B200FBBF}"
EndProject
Project("{FAE04EC0-301F-11D3-BF4B-00C04F79EFBC}") = "MoreMountains.Feedbacks.Cinemachine", "MoreMountains.Feedbacks.Cinemachine.csproj", "{7FB2B213-F031-8246-D0D7-6205610691E4}"
EndProject
Project("{FAE04EC0-301F-11D3-BF4B-00C04F79EFBC}") = "MoreMountains.Feedbacks.Editor", "MoreMountains.Feedbacks.Editor.csproj", "{C973DEA7-207C-DDEC-138F-E1D1D6BC57B0}"
EndProject
Project("{FAE04EC0-301F-11D3-BF4B-00C04F79EFBC}") = "CFXRRuntime", "CFXRRuntime.csproj", "{90FF025C-33FE-9EA7-1447-7E7DDBE126B7}"
EndProject
Project("{FAE04EC0-301F-11D3-BF4B-00C04F79EFBC}") = "MoreMountains.Tools.Editor", "MoreMountains.Tools.Editor.csproj", "{AA0C1641-0E9F-656D-7F81-CCF8EFD925DA}"
EndProject
Project("{FAE04EC0-301F-11D3-BF4B-00C04F79EFBC}") = "MoreMountains.NiceVibrations.Editor", "MoreMountains.NiceVibrations.Editor.csproj", "{C5E43032-CEAD-1F2D-7EDF-81775886D837}"
EndProject
Project("{FAE04EC0-301F-11D3-BF4B-00C04F79EFBC}") = "CFXRDemo", "CFXRDemo.csproj", "{4B826E49-814E-E54A-AA2E-B17297071A76}"
EndProject
Project("{FAE04EC0-301F-11D3-BF4B-00C04F79EFBC}") = "MoreMountains.NiceVibrations.Demos", "MoreMountains.NiceVibrations.Demos.csproj", "{AAAFB48D-F7C7-6ACE-69ED-5B0FEA40A76B}"
EndProject
Project("{FAE04EC0-301F-11D3-BF4B-00C04F79EFBC}") = "MoreMountains.Feedbacks.URP", "MoreMountains.Feedbacks.URP.csproj", "{E83EECF4-9A25-4223-24EC-A1975FA25EC0}"
EndProject
Project("{FAE04EC0-301F-11D3-BF4B-00C04F79EFBC}") = "MoreMountains.Tools.Feedbacks.Editor", "MoreMountains.Tools.Feedbacks.Editor.csproj", "{9D6526C4-CDD1-77C1-857D-E02743230EA1}"
EndProject
Project("{FAE04EC0-301F-11D3-BF4B-00C04F79EFBC}") = "CFXREditor", "CFXREditor.csproj", "{2F96F12C-9492-7F53-CE0D-9B2DDAEAE7C5}"
EndProject
Project("{FAE04EC0-301F-11D3-BF4B-00C04F79EFBC}") = "MoreMountains.NiceVibrations.Haptics", "MoreMountains.NiceVibrations.Haptics.csproj", "{EB71EE6C-4DF6-F52C-6F15-994AD8DF67BA}"
EndProject
Project("{FAE04EC0-301F-11D3-BF4B-00C04F79EFBC}") = "Assembly-CSharp-Editor", "Assembly-CSharp-Editor.csproj", "{5671BF87-B5CD-4715-6A20-689365FFA42E}"
EndProject
Project("{FAE04EC0-301F-11D3-BF4B-00C04F79EFBC}") = "MoreMountains.NiceVibrations", "MoreMountains.NiceVibrations.csproj", "{1A89E183-61ED-3B20-725D-23AF5D449D86}"
EndProject
Project("{FAE04EC0-301F-11D3-BF4B-00C04F79EFBC}") = "KinoBloom.Runtime", "KinoBloom.Runtime.csproj", "{D123EBB5-E021-20C2-E927-2F1651FECBF7}"
EndProject
Project("{FAE04EC0-301F-11D3-BF4B-00C04F79EFBC}") = "CFXR.WelcomeScreen", "CFXR.WelcomeScreen.csproj", "{DC18BCB9-BA99-6369-2275-30CCA80316EE}"
EndProject
Project("{FAE04EC0-301F-11D3-BF4B-00C04F79EFBC}") = "ToonyColorsPro.Demo.Editor", "ToonyColorsPro.Demo.Editor.csproj", "{9262575D-6741-BF9E-BE20-E53023749AF7}"
EndProject
Project("{FAE04EC0-301F-11D3-BF4B-00C04F79EFBC}") = "MoreMountains.Tools.Cinemachine", "MoreMountains.Tools.Cinemachine.csproj", "{8CE92EF9-B526-7568-A967-BADD9538C818}"
EndProject
Project("{FAE04EC0-301F-11D3-BF4B-00C04F79EFBC}") = "MoreMountains.NiceVibrations.Rumble", "MoreMountains.NiceVibrations.Rumble.csproj", "{C7A27AA5-F3FE-FA9B-4AEC-F392D4617517}"
EndProject
Project("{FAE04EC0-301F-11D3-BF4B-00C04F79EFBC}") = "MoreMountains.NiceVibrations.Rumble.Editor", "MoreMountains.NiceVibrations.Rumble.Editor.csproj", "{F183C28E-80E2-4AB0-3E2E-E9E4CF6A28EE}"
EndProject
Global
	GlobalSection(SolutionConfigurationPlatforms) = preSolution
		Debug|Any CPU = Debug|Any CPU
		Release|Any CPU = Release|Any CPU
	EndGlobalSection
	GlobalSection(ProjectConfigurationPlatforms) = postSolution
		{4D4EFCC4-EC48-DEEB-6E48-BE0CB3FA3B78}.Debug|Any CPU.ActiveCfg = Debug|Any CPU
		{4D4EFCC4-EC48-DEEB-6E48-BE0CB3FA3B78}.Debug|Any CPU.Build.0 = Debug|Any CPU
		{4D4EFCC4-EC48-DEEB-6E48-BE0CB3FA3B78}.Release|Any CPU.ActiveCfg = Release|Any CPU
		{4D4EFCC4-EC48-DEEB-6E48-BE0CB3FA3B78}.Release|Any CPU.Build.0 = Release|Any CPU
		{F83DACE1-0729-8E5A-85C1-CA81AD011443}.Debug|Any CPU.ActiveCfg = Debug|Any CPU
		{F83DACE1-0729-8E5A-85C1-CA81AD011443}.Debug|Any CPU.Build.0 = Debug|Any CPU
		{F83DACE1-0729-8E5A-85C1-CA81AD011443}.Release|Any CPU.ActiveCfg = Release|Any CPU
		{F83DACE1-0729-8E5A-85C1-CA81AD011443}.Release|Any CPU.Build.0 = Release|Any CPU
		{A7AF3B61-45DC-1710-2736-3F25BD05AA02}.Debug|Any CPU.ActiveCfg = Debug|Any CPU
		{A7AF3B61-45DC-1710-2736-3F25BD05AA02}.Debug|Any CPU.Build.0 = Debug|Any CPU
		{A7AF3B61-45DC-1710-2736-3F25BD05AA02}.Release|Any CPU.ActiveCfg = Release|Any CPU
		{A7AF3B61-45DC-1710-2736-3F25BD05AA02}.Release|Any CPU.Build.0 = Release|Any CPU
		{CE4DACE2-C783-732B-7438-7B64ABCE40C6}.Debug|Any CPU.ActiveCfg = Debug|Any CPU
		{CE4DACE2-C783-732B-7438-7B64ABCE40C6}.Debug|Any CPU.Build.0 = Debug|Any CPU
		{CE4DACE2-C783-732B-7438-7B64ABCE40C6}.Release|Any CPU.ActiveCfg = Release|Any CPU
		{CE4DACE2-C783-732B-7438-7B64ABCE40C6}.Release|Any CPU.Build.0 = Release|Any CPU
		{44B33757-5F7D-F4EC-855B-4759B200FBBF}.Debug|Any CPU.ActiveCfg = Debug|Any CPU
		{44B33757-5F7D-F4EC-855B-4759B200FBBF}.Debug|Any CPU.Build.0 = Debug|Any CPU
		{44B33757-5F7D-F4EC-855B-4759B200FBBF}.Release|Any CPU.ActiveCfg = Release|Any CPU
		{44B33757-5F7D-F4EC-855B-4759B200FBBF}.Release|Any CPU.Build.0 = Release|Any CPU
		{7FB2B213-F031-8246-D0D7-6205610691E4}.Debug|Any CPU.ActiveCfg = Debug|Any CPU
		{7FB2B213-F031-8246-D0D7-6205610691E4}.Debug|Any CPU.Build.0 = Debug|Any CPU
		{7FB2B213-F031-8246-D0D7-6205610691E4}.Release|Any CPU.ActiveCfg = Release|Any CPU
		{7FB2B213-F031-8246-D0D7-6205610691E4}.Release|Any CPU.Build.0 = Release|Any CPU
		{C973DEA7-207C-DDEC-138F-E1D1D6BC57B0}.Debug|Any CPU.ActiveCfg = Debug|Any CPU
		{C973DEA7-207C-DDEC-138F-E1D1D6BC57B0}.Debug|Any CPU.Build.0 = Debug|Any CPU
		{C973DEA7-207C-DDEC-138F-E1D1D6BC57B0}.Release|Any CPU.ActiveCfg = Release|Any CPU
		{C973DEA7-207C-DDEC-138F-E1D1D6BC57B0}.Release|Any CPU.Build.0 = Release|Any CPU
		{90FF025C-33FE-9EA7-1447-7E7DDBE126B7}.Debug|Any CPU.ActiveCfg = Debug|Any CPU
		{90FF025C-33FE-9EA7-1447-7E7DDBE126B7}.Debug|Any CPU.Build.0 = Debug|Any CPU
		{90FF025C-33FE-9EA7-1447-7E7DDBE126B7}.Release|Any CPU.ActiveCfg = Release|Any CPU
		{90FF025C-33FE-9EA7-1447-7E7DDBE126B7}.Release|Any CPU.Build.0 = Release|Any CPU
		{AA0C1641-0E9F-656D-7F81-CCF8EFD925DA}.Debug|Any CPU.ActiveCfg = Debug|Any CPU
		{AA0C1641-0E9F-656D-7F81-CCF8EFD925DA}.Debug|Any CPU.Build.0 = Debug|Any CPU
		{AA0C1641-0E9F-656D-7F81-CCF8EFD925DA}.Release|Any CPU.ActiveCfg = Release|Any CPU
		{AA0C1641-0E9F-656D-7F81-CCF8EFD925DA}.Release|Any CPU.Build.0 = Release|Any CPU
		{C5E43032-CEAD-1F2D-7EDF-81775886D837}.Debug|Any CPU.ActiveCfg = Debug|Any CPU
		{C5E43032-CEAD-1F2D-7EDF-81775886D837}.Debug|Any CPU.Build.0 = Debug|Any CPU
		{C5E43032-CEAD-1F2D-7EDF-81775886D837}.Release|Any CPU.ActiveCfg = Release|Any CPU
		{C5E43032-CEAD-1F2D-7EDF-81775886D837}.Release|Any CPU.Build.0 = Release|Any CPU
		{4B826E49-814E-E54A-AA2E-B17297071A76}.Debug|Any CPU.ActiveCfg = Debug|Any CPU
		{4B826E49-814E-E54A-AA2E-B17297071A76}.Debug|Any CPU.Build.0 = Debug|Any CPU
		{4B826E49-814E-E54A-AA2E-B17297071A76}.Release|Any CPU.ActiveCfg = Release|Any CPU
		{4B826E49-814E-E54A-AA2E-B17297071A76}.Release|Any CPU.Build.0 = Release|Any CPU
		{AAAFB48D-F7C7-6ACE-69ED-5B0FEA40A76B}.Debug|Any CPU.ActiveCfg = Debug|Any CPU
		{AAAFB48D-F7C7-6ACE-69ED-5B0FEA40A76B}.Debug|Any CPU.Build.0 = Debug|Any CPU
		{AAAFB48D-F7C7-6ACE-69ED-5B0FEA40A76B}.Release|Any CPU.ActiveCfg = Release|Any CPU
		{AAAFB48D-F7C7-6ACE-69ED-5B0FEA40A76B}.Release|Any CPU.Build.0 = Release|Any CPU
		{E83EECF4-9A25-4223-24EC-A1975FA25EC0}.Debug|Any CPU.ActiveCfg = Debug|Any CPU
		{E83EECF4-9A25-4223-24EC-A1975FA25EC0}.Debug|Any CPU.Build.0 = Debug|Any CPU
		{E83EECF4-9A25-4223-24EC-A1975FA25EC0}.Release|Any CPU.ActiveCfg = Release|Any CPU
		{E83EECF4-9A25-4223-24EC-A1975FA25EC0}.Release|Any CPU.Build.0 = Release|Any CPU
		{9D6526C4-CDD1-77C1-857D-E02743230EA1}.Debug|Any CPU.ActiveCfg = Debug|Any CPU
		{9D6526C4-CDD1-77C1-857D-E02743230EA1}.Debug|Any CPU.Build.0 = Debug|Any CPU
		{9D6526C4-CDD1-77C1-857D-E02743230EA1}.Release|Any CPU.ActiveCfg = Release|Any CPU
		{9D6526C4-CDD1-77C1-857D-E02743230EA1}.Release|Any CPU.Build.0 = Release|Any CPU
		{2F96F12C-9492-7F53-CE0D-9B2DDAEAE7C5}.Debug|Any CPU.ActiveCfg = Debug|Any CPU
		{2F96F12C-9492-7F53-CE0D-9B2DDAEAE7C5}.Debug|Any CPU.Build.0 = Debug|Any CPU
		{2F96F12C-9492-7F53-CE0D-9B2DDAEAE7C5}.Release|Any CPU.ActiveCfg = Release|Any CPU
		{2F96F12C-9492-7F53-CE0D-9B2DDAEAE7C5}.Release|Any CPU.Build.0 = Release|Any CPU
		{EB71EE6C-4DF6-F52C-6F15-994AD8DF67BA}.Debug|Any CPU.ActiveCfg = Debug|Any CPU
		{EB71EE6C-4DF6-F52C-6F15-994AD8DF67BA}.Debug|Any CPU.Build.0 = Debug|Any CPU
		{EB71EE6C-4DF6-F52C-6F15-994AD8DF67BA}.Release|Any CPU.ActiveCfg = Release|Any CPU
		{EB71EE6C-4DF6-F52C-6F15-994AD8DF67BA}.Release|Any CPU.Build.0 = Release|Any CPU
		{5671BF87-B5CD-4715-6A20-689365FFA42E}.Debug|Any CPU.ActiveCfg = Debug|Any CPU
		{5671BF87-B5CD-4715-6A20-689365FFA42E}.Debug|Any CPU.Build.0 = Debug|Any CPU
		{5671BF87-B5CD-4715-6A20-689365FFA42E}.Release|Any CPU.ActiveCfg = Release|Any CPU
		{5671BF87-B5CD-4715-6A20-689365FFA42E}.Release|Any CPU.Build.0 = Release|Any CPU
		{1A89E183-61ED-3B20-725D-23AF5D449D86}.Debug|Any CPU.ActiveCfg = Debug|Any CPU
		{1A89E183-61ED-3B20-725D-23AF5D449D86}.Debug|Any CPU.Build.0 = Debug|Any CPU
		{1A89E183-61ED-3B20-725D-23AF5D449D86}.Release|Any CPU.ActiveCfg = Release|Any CPU
		{1A89E183-61ED-3B20-725D-23AF5D449D86}.Release|Any CPU.Build.0 = Release|Any CPU
		{D123EBB5-E021-20C2-E927-2F1651FECBF7}.Debug|Any CPU.ActiveCfg = Debug|Any CPU
		{D123EBB5-E021-20C2-E927-2F1651FECBF7}.Debug|Any CPU.Build.0 = Debug|Any CPU
		{D123EBB5-E021-20C2-E927-2F1651FECBF7}.Release|Any CPU.ActiveCfg = Release|Any CPU
		{D123EBB5-E021-20C2-E927-2F1651FECBF7}.Release|Any CPU.Build.0 = Release|Any CPU
		{DC18BCB9-BA99-6369-2275-30CCA80316EE}.Debug|Any CPU.ActiveCfg = Debug|Any CPU
		{DC18BCB9-BA99-6369-2275-30CCA80316EE}.Debug|Any CPU.Build.0 = Debug|Any CPU
		{DC18BCB9-BA99-6369-2275-30CCA80316EE}.Release|Any CPU.ActiveCfg = Release|Any CPU
		{DC18BCB9-BA99-6369-2275-30CCA80316EE}.Release|Any CPU.Build.0 = Release|Any CPU
		{9262575D-6741-BF9E-BE20-E53023749AF7}.Debug|Any CPU.ActiveCfg = Debug|Any CPU
		{9262575D-6741-BF9E-BE20-E53023749AF7}.Debug|Any CPU.Build.0 = Debug|Any CPU
		{9262575D-6741-BF9E-BE20-E53023749AF7}.Release|Any CPU.ActiveCfg = Release|Any CPU
		{9262575D-6741-BF9E-BE20-E53023749AF7}.Release|Any CPU.Build.0 = Release|Any CPU
		{8CE92EF9-B526-7568-A967-BADD9538C818}.Debug|Any CPU.ActiveCfg = Debug|Any CPU
		{8CE92EF9-B526-7568-A967-BADD9538C818}.Debug|Any CPU.Build.0 = Debug|Any CPU
		{8CE92EF9-B526-7568-A967-BADD9538C818}.Release|Any CPU.ActiveCfg = Release|Any CPU
		{8CE92EF9-B526-7568-A967-BADD9538C818}.Release|Any CPU.Build.0 = Release|Any CPU
		{C7A27AA5-F3FE-FA9B-4AEC-F392D4617517}.Debug|Any CPU.ActiveCfg = Debug|Any CPU
		{C7A27AA5-F3FE-FA9B-4AEC-F392D4617517}.Debug|Any CPU.Build.0 = Debug|Any CPU
		{C7A27AA5-F3FE-FA9B-4AEC-F392D4617517}.Release|Any CPU.ActiveCfg = Release|Any CPU
		{C7A27AA5-F3FE-FA9B-4AEC-F392D4617517}.Release|Any CPU.Build.0 = Release|Any CPU
		{F183C28E-80E2-4AB0-3E2E-E9E4CF6A28EE}.Debug|Any CPU.ActiveCfg = Debug|Any CPU
		{F183C28E-80E2-4AB0-3E2E-E9E4CF6A28EE}.Debug|Any CPU.Build.0 = Debug|Any CPU
		{F183C28E-80E2-4AB0-3E2E-E9E4CF6A28EE}.Release|Any CPU.ActiveCfg = Release|Any CPU
		{F183C28E-80E2-4AB0-3E2E-E9E4CF6A28EE}.Release|Any CPU.Build.0 = Release|Any CPU
	EndGlobalSection
	GlobalSection(SolutionProperties) = preSolution
		HideSolutionNode = FALSE
	EndGlobalSection
EndGlobal
